// !$*UTF8*$!
{
	archiveVersion = 1;
	classes = {
	};
	objectVersion = 50;
	objects = {

/* Begin PBXBuildFile section */
		84DFF9D325C4754B003F3091 /* AppDelegate.swift in Sources */ = {isa = PBXBuildFile; fileRef = 84DFF9D225C4754B003F3091 /* AppDelegate.swift */; };
		84DFF9D525C4754B003F3091 /* SceneDelegate.swift in Sources */ = {isa = PBXBuildFile; fileRef = 84DFF9D425C4754B003F3091 /* SceneDelegate.swift */; };
		84DFF9D725C4754B003F3091 /* ViewController.swift in Sources */ = {isa = PBXBuildFile; fileRef = 84DFF9D625C4754B003F3091 /* ViewController.swift */; };
		84DFF9DA25C4754B003F3091 /* Main.storyboard in Resources */ = {isa = PBXBuildFile; fileRef = 84DFF9D825C4754B003F3091 /* Main.storyboard */; };
		84DFF9DD25C4754B003F3091 /* gh1.xcdatamodeld in Sources */ = {isa = PBXBuildFile; fileRef = 84DFF9DB25C4754B003F3091 /* gh1.xcdatamodeld */; };
		84DFF9DF25C4754C003F3091 /* Assets.xcassets in Resources */ = {isa = PBXBuildFile; fileRef = 84DFF9DE25C4754C003F3091 /* Assets.xcassets */; };
		84DFF9E225C4754C003F3091 /* LaunchScreen.storyboard in Resources */ = {isa = PBXBuildFile; fileRef = 84DFF9E025C4754C003F3091 /* LaunchScreen.storyboard */; };
/* End PBXBuildFile section */

/* Begin PBXFileReference section */
		84DFF9CF25C4754B003F3091 /* gh1.app */ = {isa = PBXFileReference; explicitFileType = wrapper.application; includeInIndex = 0; path = gh1.app; sourceTree = BUILT_PRODUCTS_DIR; };
		84DFF9D225C4754B003F3091 /* AppDelegate.swift */ = {isa = PBXFileReference; lastKnownFileType = sourcecode.swift; path = AppDelegate.swift; sourceTree = "<group>"; };
		84DFF9D425C4754B003F3091 /* SceneDelegate.swift */ = {isa = PBXFileReference; lastKnownFileType = sourcecode.swift; path = SceneDelegate.swift; sourceTree = "<group>"; };
		84DFF9D625C4754B003F3091 /* ViewController.swift */ = {isa = PBXFileReference; lastKnownFileType = sourcecode.swift; path = ViewController.swift; sourceTree = "<group>"; };
		84DFF9D925C4754B003F3091 /* Base */ = {isa = PBXFileReference; lastKnownFileType = file.storyboard; name = Base; path = Base.lproj/Main.storyboard; sourceTree = "<group>"; };
		84DFF9DC25C4754B003F3091 /* gh1.xcdatamodel */ = {isa = PBXFileReference; lastKnownFileType = wrapper.xcdatamodel; path = gh1.xcdatamodel; sourceTree = "<group>"; };
		84DFF9DE25C4754C003F3091 /* Assets.xcassets */ = {isa = PBXFileReference; lastKnownFileType = folder.assetcatalog; path = Assets.xcassets; sourceTree = "<group>"; };
		84DFF9E125C4754C003F3091 /* Base */ = {isa = PBXFileReference; lastKnownFileType = file.storyboard; name = Base; path = Base.lproj/LaunchScreen.storyboard; sourceTree = "<group>"; };
		84DFF9E325C4754C003F3091 /* Info.plist */ = {isa = PBXFileReference; lastKnownFileType = text.plist.xml; path = Info.plist; sourceTree = "<group>"; };
/* End PBXFileReference section */

/* Begin PBXFrameworksBuildPhase section */
		84DFF9CC25C4754B003F3091 /* Frameworks */ = {
			isa = PBXFrameworksBuildPhase;
			buildActionMask = 2147483647;
			files = (
			);
			runOnlyForDeploymentPostprocessing = 0;
		};
/* End PBXFrameworksBuildPhase section */

/* Begin PBXGroup section */
		84DFF9C625C4754B003F3091 = {
			isa = PBXGroup;
			children = (
				84DFF9D125C4754B003F3091 /* gh1 */,
				84DFF9D025C4754B003F3091 /* Products */,
			);
			sourceTree = "<group>";
		};
		84DFF9D025C4754B003F3091 /* Products */ = {
			isa = PBXGroup;
			children = (
				84DFF9CF25C4754B003F3091 /* gh1.app */,
			);
			name = Products;
			sourceTree = "<group>";
		};
		84DFF9D125C4754B003F3091 /* gh1 */ = {
			isa = PBXGroup;
			children = (
				84DFF9D225C4754B003F3091 /* AppDelegate.swift */,
				84DFF9D425C4754B003F3091 /* SceneDelegate.swift */,
				84DFF9D625C4754B003F3091 /* ViewController.swift */,
				84DFF9D825C4754B003F3091 /* Main.storyboard */,
				84DFF9DE25C4754C003F3091 /* Assets.xcassets */,
				84DFF9E025C4754C003F3091 /* LaunchScreen.storyboard */,
				84DFF9E325C4754C003F3091 /* Info.plist */,
				84DFF9DB25C4754B003F3091 /* gh1.xcdatamodeld */,
			);
			path = gh1;
			sourceTree = "<group>";
		};
/* End PBXGroup section */

/* Begin PBXNativeTarget section */
		84DFF9CE25C4754B003F3091 /* gh1 */ = {
			isa = PBXNativeTarget;
			buildConfigurationList = 84DFF9E625C4754C003F3091 /* Build configuration list for PBXNativeTarget "gh1" */;
			buildPhases = (
				84DFF9CB25C4754B003F3091 /* Sources */,
				84DFF9CC25C4754B003F3091 /* Frameworks */,
				84DFF9CD25C4754B003F3091 /* Resources */,
			);
			buildRules = (
			);
			dependencies = (
			);
			name = gh1;
			productName = gh1;
			productReference = 84DFF9CF25C4754B003F3091 /* gh1.app */;
			productType = "com.apple.product-type.application";
		};
/* End PBXNativeTarget section */

/* Begin PBXProject section */
		84DFF9C725C4754B003F3091 /* Project object */ = {
			isa = PBXProject;
			attributes = {
				LastSwiftUpdateCheck = 1240;
				LastUpgradeCheck = 1240;
				TargetAttributes = {
					84DFF9CE25C4754B003F3091 = {
						CreatedOnToolsVersion = 12.4;
					};
				};
			};
			buildConfigurationList = 84DFF9CA25C4754B003F3091 /* Build configuration list for PBXProject "gh1" */;
			compatibilityVersion = "Xcode 9.3";
			developmentRegion = en;
			hasScannedForEncodings = 0;
			knownRegions = (
				en,
				Base,
			);
			mainGroup = 84DFF9C625C4754B003F3091;
			productRefGroup = 84DFF9D025C4754B003F3091 /* Products */;
			projectDirPath = "";
			projectRoot = "";
			targets = (
				84DFF9CE25C4754B003F3091 /* gh1 */,
			);
		};
/* End PBXProject section */

/* Begin PBXResourcesBuildPhase section */
		84DFF9CD25C4754B003F3091 /* Resources */ = {
			isa = PBXResourcesBuildPhase;
			buildActionMask = 2147483647;
			files = (
				84DFF9E225C4754C003F3091 /* LaunchScreen.storyboard in Resources */,
				84DFF9DF25C4754C003F3091 /* Assets.xcassets in Resources */,
				84DFF9DA25C4754B003F3091 /* Main.storyboard in Resources */,
			);
			runOnlyForDeploymentPostprocessing = 0;
		};
/* End PBXResourcesBuildPhase section */

/* Begin PBXSourcesBuildPhase section */
		84DFF9CB25C4754B003F3091 /* Sources */ = {
			isa = PBXSourcesBuildPhase;
			buildActionMask = 2147483647;
			files = (
				84DFF9DD25C4754B003F3091 /* gh1.xcdatamodeld in Sources */,
				84DFF9D725C4754B003F3091 /* ViewController.swift in Sources */,
				84DFF9D325C4754B003F3091 /* AppDelegate.swift in Sources */,
				84DFF9D525C4754B003F3091 /* SceneDelegate.swift in Sources */,
			);
			runOnlyForDeploymentPostprocessing = 0;
		};
/* End PBXSourcesBuildPhase section */

/* Begin PBXVariantGroup section */
		84DFF9D825C4754B003F3091 /* Main.storyboard */ = {
			isa = PBXVariantGroup;
			children = (
				84DFF9D925C4754B003F3091 /* Base */,
			);
			name = Main.storyboard;
			sourceTree = "<group>";
		};
		84DFF9E025C4754C003F3091 /* LaunchScreen.storyboard */ = {
			isa = PBXVariantGroup;
			children = (
				84DFF9E125C4754C003F3091 /* Base */,
			);
			name = LaunchScreen.storyboard;
			sourceTree = "<group>";
		};
/* End PBXVariantGroup section */

/* Begin XCBuildConfiguration section */
		84DFF9E425C4754C003F3091 /* Debug */ = {
			isa = XCBuildConfiguration;
			buildSettings = {
				ALWAYS_SEARCH_USER_PATHS = NO;
				CLANG_ANALYZER_NONNULL = YES;
				CLANG_ANALYZER_NUMBER_OBJECT_CONVERSION = YES_AGGRESSIVE;
				CLANG_CXX_LANGUAGE_STANDARD = "gnu++14";
				CLANG_CXX_LIBRARY = "libc++";
				CLANG_ENABLE_MODULES = YES;
				CLANG_ENABLE_OBJC_ARC = YES;
				CLANG_ENABLE_OBJC_WEAK = YES;
				CLANG_WARN_BLOCK_CAPTURE_AUTORELEASING = YES;
				CLANG_WARN_BOOL_CONVERSION = YES;
				CLANG_WARN_COMMA = YES;
				CLANG_WARN_CONSTANT_CONVERSION = YES;
				CLANG_WARN_DEPRECATED_OBJC_IMPLEMENTATIONS = YES;
				CLANG_WARN_DIRECT_OBJC_ISA_USAGE = YES_ERROR;
				CLANG_WARN_DOCUMENTATION_COMMENTS = YES;
				CLANG_WARN_EMPTY_BODY = YES;
				CLANG_WARN_ENUM_CONVERSION = YES;
				CLANG_WARN_INFINITE_RECURSION = YES;
				CLANG_WARN_INT_CONVERSION = YES;
				CLANG_WARN_NON_LITERAL_NULL_CONVERSION = YES;
				CLANG_WARN_OBJC_IMPLICIT_RETAIN_SELF = YES;
				CLANG_WARN_OBJC_LITERAL_CONVERSION = YES;
				CLANG_WARN_OBJC_ROOT_CLASS = YES_ERROR;
				CLANG_WARN_QUOTED_INCLUDE_IN_FRAMEWORK_HEADER = YES;
				CLANG_WARN_RANGE_LOOP_ANALYSIS = YES;
				CLANG_WARN_STRICT_PROTOTYPES = YES;
				CLANG_WARN_SUSPICIOUS_MOVE = YES;
				CLANG_WARN_UNGUARDED_AVAILABILITY = YES_AGGRESSIVE;
				CLANG_WARN_UNREACHABLE_CODE = YES;
				CLANG_WARN__DUPLICATE_METHOD_MATCH = YES;
				COPY_PHASE_STRIP = NO;
				DEBUG_INFORMATION_FORMAT = dwarf;
				ENABLE_STRICT_OBJC_MSGSEND = YES;
				ENABLE_TESTABILITY = YES;
				GCC_C_LANGUAGE_STANDARD = gnu11;
				GCC_DYNAMIC_NO_PIC = NO;
				GCC_NO_COMMON_BLOCKS = YES;
				GCC_OPTIMIZATION_LEVEL = 0;
				GCC_PREPROCESSOR_DEFINITIONS = (
					"DEBUG=1",
					"$(inherited)",
				);
				GCC_WARN_64_TO_32_BIT_CONVERSION = YES;
				GCC_WARN_ABOUT_RETURN_TYPE = YES_ERROR;
				GCC_WARN_UNDECLARED_SELECTOR = YES;
				GCC_WARN_UNINITIALIZED_AUTOS = YES_AGGRESSIVE;
				GCC_WARN_UNUSED_FUNCTION = YES;
				GCC_WARN_UNUSED_VARIABLE = YES;
				IPHONEOS_DEPLOYMENT_TARGET = 14.4;
				MTL_ENABLE_DEBUG_INFO = INCLUDE_SOURCE;
				MTL_FAST_MATH = YES;
				ONLY_ACTIVE_ARCH = YES;
				SDKROOT = iphoneos;
				SWIFT_ACTIVE_COMPILATION_CONDITIONS = DEBUG;
				SWIFT_OPTIMIZATION_LEVEL = "-Onone";
			};
			name = Debug;
		};
		84DFF9E525C4754C003F3091 /* Release */ = {
			isa = XCBuildConfiguration;
			buildSettings = {
				ALWAYS_SEARCH_USER_PATHS = NO;
				CLANG_ANALYZER_NONNULL = YES;
				CLANG_ANALYZER_NUMBER_OBJECT_CONVERSION = YES_AGGRESSIVE;
				CLANG_CXX_LANGUAGE_STANDARD = "gnu++14";
				CLANG_CXX_LIBRARY = "libc++";
				CLANG_ENABLE_MODULES = YES;
				CLANG_ENABLE_OBJC_ARC = YES;
				CLANG_ENABLE_OBJC_WEAK = YES;
				CLANG_WARN_BLOCK_CAPTURE_AUTORELEASING = YES;
				CLANG_WARN_BOOL_CONVERSION = YES;
				CLANG_WARN_COMMA = YES;
				CLANG_WARN_CONSTANT_CONVERSION = YES;
				CLANG_WARN_DEPRECATED_OBJC_IMPLEMENTATIONS = YES;
				CLANG_WARN_DIRECT_OBJC_ISA_USAGE = YES_ERROR;
				CLANG_WARN_DOCUMENTATION_COMMENTS = YES;
				CLANG_WARN_EMPTY_BODY = YES;
				CLANG_WARN_ENUM_CONVERSION = YES;
				CLANG_WARN_INFINITE_RECURSION = YES;
				CLANG_WARN_INT_CONVERSION = YES;
				CLANG_WARN_NON_LITERAL_NULL_CONVERSION = YES;
				CLANG_WARN_OBJC_IMPLICIT_RETAIN_SELF = YES;
				CLANG_WARN_OBJC_LITERAL_CONVERSION = YES;
				CLANG_WARN_OBJC_ROOT_CLASS = YES_ERROR;
				CLANG_WARN_QUOTED_INCLUDE_IN_FRAMEWORK_HEADER = YES;
				CLANG_WARN_RANGE_LOOP_ANALYSIS = YES;
				CLANG_WARN_STRICT_PROTOTYPES = YES;
				CLANG_WARN_SUSPICIOUS_MOVE = YES;
				CLANG_WARN_UNGUARDED_AVAILABILITY = YES_AGGRESSIVE;
				CLANG_WARN_UNREACHABLE_CODE = YES;
				CLANG_WARN__DUPLICATE_METHOD_MATCH = YES;
				COPY_PHASE_STRIP = NO;
				DEBUG_INFORMATION_FORMAT = "dwarf-with-dsym";
				ENABLE_NS_ASSERTIONS = NO;
				ENABLE_STRICT_OBJC_MSGSEND = YES;
				GCC_C_LANGUAGE_STANDARD = gnu11;
				GCC_NO_COMMON_BLOCKS = YES;
				GCC_WARN_64_TO_32_BIT_CONVERSION = YES;
				GCC_WARN_ABOUT_RETURN_TYPE = YES_ERROR;
				GCC_WARN_UNDECLARED_SELECTOR = YES;
				GCC_WARN_UNINITIALIZED_AUTOS = YES_AGGRESSIVE;
				GCC_WARN_UNUSED_FUNCTION = YES;
				GCC_WARN_UNUSED_VARIABLE = YES;
				IPHONEOS_DEPLOYMENT_TARGET = 14.4;
				MTL_ENABLE_DEBUG_INFO = NO;
				MTL_FAST_MATH = YES;
				SDKROOT = iphoneos;
				SWIFT_COMPILATION_MODE = wholemodule;
				SWIFT_OPTIMIZATION_LEVEL = "-O";
				VALIDATE_PRODUCT = YES;
			};
			name = Release;
		};
		84DFF9E725C4754C003F3091 /* Debug */ = {
			isa = XCBuildConfiguration;
			buildSettings = {
				ASSETCATALOG_COMPILER_APPICON_NAME = AppIcon;
				ASSETCATALOG_COMPILER_GLOBAL_ACCENT_COLOR_NAME = AccentColor;
				CODE_SIGN_STYLE = Automatic;
				DEVELOPMENT_TEAM = MB922Q53K5;
				INFOPLIST_FILE = gh1/Info.plist;
				LD_RUNPATH_SEARCH_PATHS = (
					"$(inherited)",
					"@executable_path/Frameworks",
				);
				PRODUCT_BUNDLE_IDENTIFIER = BRN.gh1;
				PRODUCT_NAME = "$(TARGET_NAME)";
				SWIFT_VERSION = 5.0;
				TARGETED_DEVICE_FAMILY = "1,2";
			};
			name = Debug;
		};
		84DFF9E825C4754C003F3091 /* Release */ = {
			isa = XCBuildConfiguration;
			buildSettings = {
				ASSETCATALOG_COMPILER_APPICON_NAME = AppIcon;
				ASSETCATALOG_COMPILER_GLOBAL_ACCENT_COLOR_NAME = AccentColor;
				CODE_SIGN_STYLE = Automatic;
				DEVELOPMENT_TEAM = MB922Q53K5;
				INFOPLIST_FILE = gh1/Info.plist;
				LD_RUNPATH_SEARCH_PATHS = (
					"$(inherited)",
					"@executable_path/Frameworks",
				);
				PRODUCT_BUNDLE_IDENTIFIER = BRN.gh1;
				PRODUCT_NAME = "$(TARGET_NAME)";
				SWIFT_VERSION = 5.0;
				TARGETED_DEVICE_FAMILY = "1,2";
			};
			name = Release;
		};
/* End XCBuildConfiguration section */

/* Begin XCConfigurationList section */
		84DFF9CA25C4754B003F3091 /* Build configuration list for PBXProject "gh1" */ = {
			isa = XCConfigurationList;
			buildConfigurations = (
				84DFF9E425C4754C003F3091 /* Debug */,
				84DFF9E525C4754C003F3091 /* Release */,
			);
			defaultConfigurationIsVisible = 0;
			defaultConfigurationName = Release;
		};
		84DFF9E625C4754C003F3091 /* Build configuration list for PBXNativeTarget "gh1" */ = {
			isa = XCConfigurationList;
			buildConfigurations = (
				84DFF9E725C4754C003F3091 /* Debug */,
				84DFF9E825C4754C003F3091 /* Release */,
			);
			defaultConfigurationIsVisible = 0;
			defaultConfigurationName = Release;
		};
/* End XCConfigurationList section */

/* Begin XCVersionGroup section */
		84DFF9DB25C4754B003F3091 /* gh1.xcdatamodeld */ = {
			isa = XCVersionGroup;
			children = (
				84DFF9DC25C4754B003F3091 /* gh1.xcdatamodel */,
			);
			currentVersion = 84DFF9DC25C4754B003F3091 /* gh1.xcdatamodel */;
			path = gh1.xcdatamodeld;
			sourceTree = "<group>";
			versionGroupType = wrapper.xcdatamodel;
		};
/* End XCVersionGroup section */
	};
	rootObject = 84DFF9C725C4754B003F3091 /* Project object */;
}
